
Microsoft Visual Studio Solution File, Format Version 12.00
# Visual Studio Version 17
VisualStudioVersion = 17.4.33205.214
MinimumVisualStudioVersion = 10.0.40219.1
Project("{FAE04EC0-301F-11D3-BF4B-00C04F79EFBC}") = "Lb2", "Lb2\Lb2.csproj", "{91541C2D-0A35-466F-A1AC-DD7324BF88C4}"
EndProject
Project("{FAE04EC0-301F-11D3-BF4B-00C04F79EFBC}") = "task 2", "task 2\task 2.csproj", "{322530A2-A444-4DC3-BA4B-FB49F6232A50}"
EndProject
Global
	GlobalSection(SolutionConfigurationPlatforms) = preSolution
		Debug|Any CPU = Debug|Any CPU
		Release|Any CPU = Release|Any CPU
	EndGlobalSection
	GlobalSection(ProjectConfigurationPlatforms) = postSolution
		{91541C2D-0A35-466F-A1AC-DD7324BF88C4}.Debug|Any CPU.ActiveCfg = Debug|Any CPU
		{91541C2D-0A35-466F-A1AC-DD7324BF88C4}.Debug|Any CPU.Build.0 = Debug|Any CPU
		{91541C2D-0A35-466F-A1AC-DD7324BF88C4}.Release|Any CPU.ActiveCfg = Release|Any CPU
		{91541C2D-0A35-466F-A1AC-DD7324BF88C4}.Release|Any CPU.Build.0 = Release|Any CPU
		{322530A2-A444-4DC3-BA4B-FB49F6232A50}.Debug|Any CPU.ActiveCfg = Debug|Any CPU
		{322530A2-A444-4DC3-BA4B-FB49F6232A50}.Debug|Any CPU.Build.0 = Debug|Any CPU
		{322530A2-A444-4DC3-BA4B-FB49F6232A50}.Release|Any CPU.ActiveCfg = Release|Any CPU
		{322530A2-A444-4DC3-BA4B-FB49F6232A50}.Release|Any CPU.Build.0 = Release|Any CPU
	EndGlobalSection
	GlobalSection(SolutionProperties) = preSolution
		HideSolutionNode = FALSE
	EndGlobalSection
	GlobalSection(ExtensibilityGlobals) = postSolution
		SolutionGuid = {69F8FF59-448B-4E11-B7CF-3F84C6339838}
	EndGlobalSection
EndGlobal
